
Microsoft Visual Studio Solution File, Format Version 12.00
# Visual Studio 2013
VisualStudioVersion = 12.0.30723.0
MinimumVisualStudioVersion = 10.0.40219.1
Project("{FAE04EC0-301F-11D3-BF4B-00C04F79EFBC}") = "1DV404uppgift3.A", "1DV404uppgift3.A\1DV404uppgift3.A.csproj", "{48F6DAC0-8741-420F-98B1-B6098DED0008}"
EndProject
Global
	GlobalSection(SolutionConfigurationPlatforms) = preSolution
		Debug|Any CPU = Debug|Any CPU
		Release|Any CPU = Release|Any CPU
	EndGlobalSection
	GlobalSection(ProjectConfigurationPlatforms) = postSolution
		{48F6DAC0-8741-420F-98B1-B6098DED0008}.Debug|Any CPU.ActiveCfg = Debug|Any CPU
		{48F6DAC0-8741-420F-98B1-B6098DED0008}.Debug|Any CPU.Build.0 = Debug|Any CPU
		{48F6DAC0-8741-420F-98B1-B6098DED0008}.Release|Any CPU.ActiveCfg = Release|Any CPU
		{48F6DAC0-8741-420F-98B1-B6098DED0008}.Release|Any CPU.Build.0 = Release|Any CPU
	EndGlobalSection
	GlobalSection(SolutionProperties) = preSolution
		HideSolutionNode = FALSE
	EndGlobalSection
EndGlobal
